# THIS IS AN AUTOGENERATED FILE. DO NOT EDIT THIS FILE DIRECTLY.
# yarn lockfile v1


monaco-editor@^0.47.0:
  version "0.47.0"
  resolved "https://registry.yarnpkg.com/monaco-editor/-/monaco-editor-0.47.0.tgz#39865d67e0c9fb8c6b49e760bf9caf6a6650d28e"
  integrity sha512-VabVvHvQ9QmMwXu4du008ZDuyLnHs9j7ThVFsiJoXSOQk18+LF89N4ADzPbFenm0W4V2bGHnFBztIRQTgBfxzw==
